
Microsoft Visual Studio Solution File, Format Version 12.00
# Visual Studio Version 17
VisualStudioVersion = 17.1.32210.238
MinimumVisualStudioVersion = 10.0.40219.1
Project("{FAE04EC0-301F-11D3-BF4B-00C04F79EFBC}") = "Net02_2", "Net02_2.csproj", "{D6EAF5EC-6AFC-477C-AF3A-C9A20904427E}"
EndProject
Global
	GlobalSection(SolutionConfigurationPlatforms) = preSolution
		Debug|Any CPU = Debug|Any CPU
		Release|Any CPU = Release|Any CPU
	EndGlobalSection
	GlobalSection(ProjectConfigurationPlatforms) = postSolution
		{D6EAF5EC-6AFC-477C-AF3A-C9A20904427E}.Debug|Any CPU.ActiveCfg = Debug|Any CPU
		{D6EAF5EC-6AFC-477C-AF3A-C9A20904427E}.Debug|Any CPU.Build.0 = Debug|Any CPU
		{D6EAF5EC-6AFC-477C-AF3A-C9A20904427E}.Release|Any CPU.ActiveCfg = Release|Any CPU
		{D6EAF5EC-6AFC-477C-AF3A-C9A20904427E}.Release|Any CPU.Build.0 = Release|Any CPU
	EndGlobalSection
	GlobalSection(SolutionProperties) = preSolution
		HideSolutionNode = FALSE
	EndGlobalSection
	GlobalSection(ExtensibilityGlobals) = postSolution
		SolutionGuid = {5973B0F3-D40B-42DE-A080-F84F33D3C5CF}
	EndGlobalSection
EndGlobal
