
Microsoft Visual Studio Solution File, Format Version 12.00
# Visual Studio Version 17
VisualStudioVersion = 17.1.32210.238
MinimumVisualStudioVersion = 10.0.40219.1
Project("{9A19103F-16F7-4668-BE54-9A1E7A4F7556}") = "Net02_1", "Net02_1.csproj", "{C40CDF20-9820-421E-BDB5-2813F1A0B772}"
EndProject
Global
	GlobalSection(SolutionConfigurationPlatforms) = preSolution
		Debug|Any CPU = Debug|Any CPU
		Release|Any CPU = Release|Any CPU
	EndGlobalSection
	GlobalSection(ProjectConfigurationPlatforms) = postSolution
		{C40CDF20-9820-421E-BDB5-2813F1A0B772}.Debug|Any CPU.ActiveCfg = Debug|Any CPU
		{C40CDF20-9820-421E-BDB5-2813F1A0B772}.Debug|Any CPU.Build.0 = Debug|Any CPU
		{C40CDF20-9820-421E-BDB5-2813F1A0B772}.Release|Any CPU.ActiveCfg = Release|Any CPU
		{C40CDF20-9820-421E-BDB5-2813F1A0B772}.Release|Any CPU.Build.0 = Release|Any CPU
	EndGlobalSection
	GlobalSection(SolutionProperties) = preSolution
		HideSolutionNode = FALSE
	EndGlobalSection
	GlobalSection(ExtensibilityGlobals) = postSolution
		SolutionGuid = {743148DF-E13B-452A-A138-684C024E4A6E}
	EndGlobalSection
EndGlobal
